
Microsoft Visual Studio Solution File, Format Version 12.00
# Visual Studio Version 16
VisualStudioVersion = 16.0.28922.388
MinimumVisualStudioVersion = 10.0.40219.1
Project("{9A19103F-16F7-4668-BE54-9A1E7A4F7556}") = "ScribrAPI", "ScribrAPI\ScribrAPI.csproj", "{86F5BA87-68BA-48EB-BC53-41CEE6EC9A6B}"
EndProject
Project("{FAE04EC0-301F-11D3-BF4B-00C04F79EFBC}") = "UnitTestScribrAPI", "UnitTestScribrAPI\UnitTestScribrAPI.csproj", "{ABEDA77A-5C86-44F5-9260-4DBC47EC2607}"
EndProject
Global
	GlobalSection(SolutionConfigurationPlatforms) = preSolution
		Debug|Any CPU = Debug|Any CPU
		Release|Any CPU = Release|Any CPU
	EndGlobalSection
	GlobalSection(ProjectConfigurationPlatforms) = postSolution
		{86F5BA87-68BA-48EB-BC53-41CEE6EC9A6B}.Debug|Any CPU.ActiveCfg = Debug|Any CPU
		{86F5BA87-68BA-48EB-BC53-41CEE6EC9A6B}.Debug|Any CPU.Build.0 = Debug|Any CPU
		{86F5BA87-68BA-48EB-BC53-41CEE6EC9A6B}.Release|Any CPU.ActiveCfg = Release|Any CPU
		{86F5BA87-68BA-48EB-BC53-41CEE6EC9A6B}.Release|Any CPU.Build.0 = Release|Any CPU
		{ABEDA77A-5C86-44F5-9260-4DBC47EC2607}.Debug|Any CPU.ActiveCfg = Debug|Any CPU
		{ABEDA77A-5C86-44F5-9260-4DBC47EC2607}.Debug|Any CPU.Build.0 = Debug|Any CPU
		{ABEDA77A-5C86-44F5-9260-4DBC47EC2607}.Release|Any CPU.ActiveCfg = Release|Any CPU
		{ABEDA77A-5C86-44F5-9260-4DBC47EC2607}.Release|Any CPU.Build.0 = Release|Any CPU
	EndGlobalSection
	GlobalSection(SolutionProperties) = preSolution
		HideSolutionNode = FALSE
	EndGlobalSection
	GlobalSection(ExtensibilityGlobals) = postSolution
		SolutionGuid = {5969B217-22F3-4DD1-8BF8-D2B66C0719EB}
	EndGlobalSection
EndGlobal
